
Microsoft Visual Studio Solution File, Format Version 12.00
# Visual Studio Version 16
VisualStudioVersion = 16.0.32901.82
MinimumVisualStudioVersion = 10.0.40219.1
Project("{E24C65DC-7377-472B-9ABA-BC803B73C61A}") = "shoppdunkk", ".", "{F8A61CB6-1EAC-4883-A85E-FEC8E55B7480}"
	ProjectSection(WebsiteProperties) = preProject
		TargetFrameworkMoniker = ".NETFramework,Version%3Dv4.6.2"
		Debug.AspNetCompiler.VirtualPath = "/localhost_56758"
		Debug.AspNetCompiler.PhysicalPath = "..\shoppdunkk\"
		Debug.AspNetCompiler.TargetPath = "PrecompiledWeb\localhost_56758\"
		Debug.AspNetCompiler.Updateable = "true"
		Debug.AspNetCompiler.ForceOverwrite = "true"
		Debug.AspNetCompiler.FixedNames = "false"
		Debug.AspNetCompiler.Debug = "True"
		Release.AspNetCompiler.VirtualPath = "/localhost_56758"
		Release.AspNetCompiler.PhysicalPath = "..\shoppdunkk\"
		Release.AspNetCompiler.TargetPath = "PrecompiledWeb\localhost_56758\"
		Release.AspNetCompiler.Updateable = "true"
		Release.AspNetCompiler.ForceOverwrite = "true"
		Release.AspNetCompiler.FixedNames = "false"
		Release.AspNetCompiler.Debug = "False"
		VWDPort = "56758"
		SlnRelativePath = "..\shoppdunkk\"
		DefaultWebSiteLanguage = "Visual C#"
	EndProjectSection
EndProject
Global
	GlobalSection(SolutionConfigurationPlatforms) = preSolution
		Debug|Any CPU = Debug|Any CPU
	EndGlobalSection
	GlobalSection(ProjectConfigurationPlatforms) = postSolution
		{F8A61CB6-1EAC-4883-A85E-FEC8E55B7480}.Debug|Any CPU.ActiveCfg = Debug|Any CPU
		{F8A61CB6-1EAC-4883-A85E-FEC8E55B7480}.Debug|Any CPU.Build.0 = Debug|Any CPU
	EndGlobalSection
	GlobalSection(SolutionProperties) = preSolution
		HideSolutionNode = FALSE
	EndGlobalSection
	GlobalSection(ExtensibilityGlobals) = postSolution
		SolutionGuid = {E160ED60-3322-48FF-A87D-CED50EED0868}
	EndGlobalSection
EndGlobal
